// !$*UTF8*$!
{
	archiveVersion = 1;
	classes = {
	};
	objectVersion = 50;
	objects = {

/* Begin PBXBuildFile section */
		F5E92FE622E0433E00C473B4 /* AppDelegate.swift in Sources */ = {isa = PBXBuildFile; fileRef = F5E92FE522E0433E00C473B4 /* AppDelegate.swift */; };
		F5E92FEB22E0433E00C473B4 /* Main.storyboard in Resources */ = {isa = PBXBuildFile; fileRef = F5E92FE922E0433E00C473B4 /* Main.storyboard */; };
		F5E92FED22E0433F00C473B4 /* Assets.xcassets in Resources */ = {isa = PBXBuildFile; fileRef = F5E92FEC22E0433F00C473B4 /* Assets.xcassets */; };
		F5E92FF022E0433F00C473B4 /* LaunchScreen.storyboard in Resources */ = {isa = PBXBuildFile; fileRef = F5E92FEE22E0433F00C473B4 /* LaunchScreen.storyboard */; };
		F5E92FFC22E0A69100C473B4 /* StartLoanViewController.swift in Sources */ = {isa = PBXBuildFile; fileRef = F5E92FFB22E0A69100C473B4 /* StartLoanViewController.swift */; };
		F5E92FFE22E0B50B00C473B4 /* LoanApplicationViewController.swift in Sources */ = {isa = PBXBuildFile; fileRef = F5E92FFD22E0B50B00C473B4 /* LoanApplicationViewController.swift */; };
		F5E9300022E0B53200C473B4 /* MemberLoginViewController.swift in Sources */ = {isa = PBXBuildFile; fileRef = F5E92FFF22E0B53200C473B4 /* MemberLoginViewController.swift */; };
		F5E9300222E2149A00C473B4 /* CreateAccountViewController.swift in Sources */ = {isa = PBXBuildFile; fileRef = F5E9300122E2149A00C473B4 /* CreateAccountViewController.swift */; };
		F5E9300622E5186A00C473B4 /* Extensions.swift in Sources */ = {isa = PBXBuildFile; fileRef = F5E9300522E5186A00C473B4 /* Extensions.swift */; };
/* End PBXBuildFile section */

/* Begin PBXFileReference section */
		F5E92FE222E0433E00C473B4 /* App Challenge.app */ = {isa = PBXFileReference; explicitFileType = wrapper.application; includeInIndex = 0; path = "App Challenge.app"; sourceTree = BUILT_PRODUCTS_DIR; };
		F5E92FE522E0433E00C473B4 /* AppDelegate.swift */ = {isa = PBXFileReference; lastKnownFileType = sourcecode.swift; path = AppDelegate.swift; sourceTree = "<group>"; };
		F5E92FEA22E0433E00C473B4 /* Base */ = {isa = PBXFileReference; lastKnownFileType = file.storyboard; name = Base; path = Base.lproj/Main.storyboard; sourceTree = "<group>"; };
		F5E92FEC22E0433F00C473B4 /* Assets.xcassets */ = {isa = PBXFileReference; lastKnownFileType = folder.assetcatalog; path = Assets.xcassets; sourceTree = "<group>"; };
		F5E92FEF22E0433F00C473B4 /* Base */ = {isa = PBXFileReference; lastKnownFileType = file.storyboard; name = Base; path = Base.lproj/LaunchScreen.storyboard; sourceTree = "<group>"; };
		F5E92FF122E0434000C473B4 /* Info.plist */ = {isa = PBXFileReference; lastKnownFileType = text.plist.xml; path = Info.plist; sourceTree = "<group>"; };
		F5E92FFB22E0A69100C473B4 /* StartLoanViewController.swift */ = {isa = PBXFileReference; lastKnownFileType = sourcecode.swift; path = StartLoanViewController.swift; sourceTree = "<group>"; };
		F5E92FFD22E0B50B00C473B4 /* LoanApplicationViewController.swift */ = {isa = PBXFileReference; lastKnownFileType = sourcecode.swift; path = LoanApplicationViewController.swift; sourceTree = "<group>"; };
		F5E92FFF22E0B53200C473B4 /* MemberLoginViewController.swift */ = {isa = PBXFileReference; lastKnownFileType = sourcecode.swift; path = MemberLoginViewController.swift; sourceTree = "<group>"; };
		F5E9300122E2149A00C473B4 /* CreateAccountViewController.swift */ = {isa = PBXFileReference; lastKnownFileType = sourcecode.swift; path = CreateAccountViewController.swift; sourceTree = "<group>"; };
		F5E9300522E5186A00C473B4 /* Extensions.swift */ = {isa = PBXFileReference; lastKnownFileType = sourcecode.swift; path = Extensions.swift; sourceTree = "<group>"; };
/* End PBXFileReference section */

/* Begin PBXFrameworksBuildPhase section */
		F5E92FDF22E0433E00C473B4 /* Frameworks */ = {
			isa = PBXFrameworksBuildPhase;
			buildActionMask = 2147483647;
			files = (
			);
			runOnlyForDeploymentPostprocessing = 0;
		};
/* End PBXFrameworksBuildPhase section */

/* Begin PBXGroup section */
		F5E92FD922E0433E00C473B4 = {
			isa = PBXGroup;
			children = (
				F5E92FE422E0433E00C473B4 /* App Challenge */,
				F5E92FE322E0433E00C473B4 /* Products */,
			);
			sourceTree = "<group>";
		};
		F5E92FE322E0433E00C473B4 /* Products */ = {
			isa = PBXGroup;
			children = (
				F5E92FE222E0433E00C473B4 /* App Challenge.app */,
			);
			name = Products;
			sourceTree = "<group>";
		};
		F5E92FE422E0433E00C473B4 /* App Challenge */ = {
			isa = PBXGroup;
			children = (
				F5E92FF822E0A48400C473B4 /* View */,
				F5E92FF722E0A44F00C473B4 /* Controller */,
				F5E9300322E5180800C473B4 /* Helper */,
				F5E92FE522E0433E00C473B4 /* AppDelegate.swift */,
				F5E92FEC22E0433F00C473B4 /* Assets.xcassets */,
				F5E92FEE22E0433F00C473B4 /* LaunchScreen.storyboard */,
				F5E92FF122E0434000C473B4 /* Info.plist */,
			);
			path = "App Challenge";
			sourceTree = "<group>";
		};
		F5E92FF722E0A44F00C473B4 /* Controller */ = {
			isa = PBXGroup;
			children = (
				F5E92FFB22E0A69100C473B4 /* StartLoanViewController.swift */,
				F5E92FFD22E0B50B00C473B4 /* LoanApplicationViewController.swift */,
				F5E92FFF22E0B53200C473B4 /* MemberLoginViewController.swift */,
				F5E9300122E2149A00C473B4 /* CreateAccountViewController.swift */,
			);
			path = Controller;
			sourceTree = "<group>";
		};
		F5E92FF822E0A48400C473B4 /* View */ = {
			isa = PBXGroup;
			children = (
				F5E92FE922E0433E00C473B4 /* Main.storyboard */,
			);
			path = View;
			sourceTree = "<group>";
		};
		F5E9300322E5180800C473B4 /* Helper */ = {
			isa = PBXGroup;
			children = (
				F5E9300522E5186A00C473B4 /* Extensions.swift */,
			);
			path = Helper;
			sourceTree = "<group>";
		};
/* End PBXGroup section */

/* Begin PBXNativeTarget section */
		F5E92FE122E0433E00C473B4 /* App Challenge */ = {
			isa = PBXNativeTarget;
			buildConfigurationList = F5E92FF422E0434000C473B4 /* Build configuration list for PBXNativeTarget "App Challenge" */;
			buildPhases = (
				F5E92FDE22E0433E00C473B4 /* Sources */,
				F5E92FDF22E0433E00C473B4 /* Frameworks */,
				F5E92FE022E0433E00C473B4 /* Resources */,
			);
			buildRules = (
			);
			dependencies = (
			);
			name = "App Challenge";
			productName = "App Challenge";
			productReference = F5E92FE222E0433E00C473B4 /* App Challenge.app */;
			productType = "com.apple.product-type.application";
		};
/* End PBXNativeTarget section */

/* Begin PBXProject section */
		F5E92FDA22E0433E00C473B4 /* Project object */ = {
			isa = PBXProject;
			attributes = {
				LastSwiftUpdateCheck = 1020;
				LastUpgradeCheck = 1020;
				ORGANIZATIONNAME = "Allan Pagdanganan";
				TargetAttributes = {
					F5E92FE122E0433E00C473B4 = {
						CreatedOnToolsVersion = 10.2.1;
					};
				};
			};
			buildConfigurationList = F5E92FDD22E0433E00C473B4 /* Build configuration list for PBXProject "App Challenge" */;
			compatibilityVersion = "Xcode 9.3";
			developmentRegion = en;
			hasScannedForEncodings = 0;
			knownRegions = (
				en,
				Base,
			);
			mainGroup = F5E92FD922E0433E00C473B4;
			productRefGroup = F5E92FE322E0433E00C473B4 /* Products */;
			projectDirPath = "";
			projectRoot = "";
			targets = (
				F5E92FE122E0433E00C473B4 /* App Challenge */,
			);
		};
/* End PBXProject section */

/* Begin PBXResourcesBuildPhase section */
		F5E92FE022E0433E00C473B4 /* Resources */ = {
			isa = PBXResourcesBuildPhase;
			buildActionMask = 2147483647;
			files = (
				F5E92FF022E0433F00C473B4 /* LaunchScreen.storyboard in Resources */,
				F5E92FED22E0433F00C473B4 /* Assets.xcassets in Resources */,
				F5E92FEB22E0433E00C473B4 /* Main.storyboard in Resources */,
			);
			runOnlyForDeploymentPostprocessing = 0;
		};
/* End PBXResourcesBuildPhase section */

/* Begin PBXSourcesBuildPhase section */
		F5E92FDE22E0433E00C473B4 /* Sources */ = {
			isa = PBXSourcesBuildPhase;
			buildActionMask = 2147483647;
			files = (
				F5E9300222E2149A00C473B4 /* CreateAccountViewController.swift in Sources */,
				F5E9300622E5186A00C473B4 /* Extensions.swift in Sources */,
				F5E92FFE22E0B50B00C473B4 /* LoanApplicationViewController.swift in Sources */,
				F5E92FFC22E0A69100C473B4 /* StartLoanViewController.swift in Sources */,
				F5E9300022E0B53200C473B4 /* MemberLoginViewController.swift in Sources */,
				F5E92FE622E0433E00C473B4 /* AppDelegate.swift in Sources */,
			);
			runOnlyForDeploymentPostprocessing = 0;
		};
/* End PBXSourcesBuildPhase section */

/* Begin PBXVariantGroup section */
		F5E92FE922E0433E00C473B4 /* Main.storyboard */ = {
			isa = PBXVariantGroup;
			children = (
				F5E92FEA22E0433E00C473B4 /* Base */,
			);
			name = Main.storyboard;
			sourceTree = "<group>";
		};
		F5E92FEE22E0433F00C473B4 /* LaunchScreen.storyboard */ = {
			isa = PBXVariantGroup;
			children = (
				F5E92FEF22E0433F00C473B4 /* Base */,
			);
			name = LaunchScreen.storyboard;
			sourceTree = "<group>";
		};
/* End PBXVariantGroup section */

/* Begin XCBuildConfiguration section */
		F5E92FF222E0434000C473B4 /* Debug */ = {
			isa = XCBuildConfiguration;
			buildSettings = {
				ALWAYS_SEARCH_USER_PATHS = NO;
				CLANG_ANALYZER_NONNULL = YES;
				CLANG_ANALYZER_NUMBER_OBJECT_CONVERSION = YES_AGGRESSIVE;
				CLANG_CXX_LANGUAGE_STANDARD = "gnu++14";
				CLANG_CXX_LIBRARY = "libc++";
				CLANG_ENABLE_MODULES = YES;
				CLANG_ENABLE_OBJC_ARC = YES;
				CLANG_ENABLE_OBJC_WEAK = YES;
				CLANG_WARN_BLOCK_CAPTURE_AUTORELEASING = YES;
				CLANG_WARN_BOOL_CONVERSION = YES;
				CLANG_WARN_COMMA = YES;
				CLANG_WARN_CONSTANT_CONVERSION = YES;
				CLANG_WARN_DEPRECATED_OBJC_IMPLEMENTATIONS = YES;
				CLANG_WARN_DIRECT_OBJC_ISA_USAGE = YES_ERROR;
				CLANG_WARN_DOCUMENTATION_COMMENTS = YES;
				CLANG_WARN_EMPTY_BODY = YES;
				CLANG_WARN_ENUM_CONVERSION = YES;
				CLANG_WARN_INFINITE_RECURSION = YES;
				CLANG_WARN_INT_CONVERSION = YES;
				CLANG_WARN_NON_LITERAL_NULL_CONVERSION = YES;
				CLANG_WARN_OBJC_IMPLICIT_RETAIN_SELF = YES;
				CLANG_WARN_OBJC_LITERAL_CONVERSION = YES;
				CLANG_WARN_OBJC_ROOT_CLASS = YES_ERROR;
				CLANG_WARN_RANGE_LOOP_ANALYSIS = YES;
				CLANG_WARN_STRICT_PROTOTYPES = YES;
				CLANG_WARN_SUSPICIOUS_MOVE = YES;
				CLANG_WARN_UNGUARDED_AVAILABILITY = YES_AGGRESSIVE;
				CLANG_WARN_UNREACHABLE_CODE = YES;
				CLANG_WARN__DUPLICATE_METHOD_MATCH = YES;
				CODE_SIGN_IDENTITY = "iPhone Developer";
				COPY_PHASE_STRIP = NO;
				DEBUG_INFORMATION_FORMAT = dwarf;
				ENABLE_STRICT_OBJC_MSGSEND = YES;
				ENABLE_TESTABILITY = YES;
				GCC_C_LANGUAGE_STANDARD = gnu11;
				GCC_DYNAMIC_NO_PIC = NO;
				GCC_NO_COMMON_BLOCKS = YES;
				GCC_OPTIMIZATION_LEVEL = 0;
				GCC_PREPROCESSOR_DEFINITIONS = (
					"DEBUG=1",
					"$(inherited)",
				);
				GCC_WARN_64_TO_32_BIT_CONVERSION = YES;
				GCC_WARN_ABOUT_RETURN_TYPE = YES_ERROR;
				GCC_WARN_UNDECLARED_SELECTOR = YES;
				GCC_WARN_UNINITIALIZED_AUTOS = YES_AGGRESSIVE;
				GCC_WARN_UNUSED_FUNCTION = YES;
				GCC_WARN_UNUSED_VARIABLE = YES;
				IPHONEOS_DEPLOYMENT_TARGET = 12.2;
				MTL_ENABLE_DEBUG_INFO = INCLUDE_SOURCE;
				MTL_FAST_MATH = YES;
				ONLY_ACTIVE_ARCH = YES;
				SDKROOT = iphoneos;
				SWIFT_ACTIVE_COMPILATION_CONDITIONS = DEBUG;
				SWIFT_OPTIMIZATION_LEVEL = "-Onone";
			};
			name = Debug;
		};
		F5E92FF322E0434000C473B4 /* Release */ = {
			isa = XCBuildConfiguration;
			buildSettings = {
				ALWAYS_SEARCH_USER_PATHS = NO;
				CLANG_ANALYZER_NONNULL = YES;
				CLANG_ANALYZER_NUMBER_OBJECT_CONVERSION = YES_AGGRESSIVE;
				CLANG_CXX_LANGUAGE_STANDARD = "gnu++14";
				CLANG_CXX_LIBRARY = "libc++";
				CLANG_ENABLE_MODULES = YES;
				CLANG_ENABLE_OBJC_ARC = YES;
				CLANG_ENABLE_OBJC_WEAK = YES;
				CLANG_WARN_BLOCK_CAPTURE_AUTORELEASING = YES;
				CLANG_WARN_BOOL_CONVERSION = YES;
				CLANG_WARN_COMMA = YES;
				CLANG_WARN_CONSTANT_CONVERSION = YES;
				CLANG_WARN_DEPRECATED_OBJC_IMPLEMENTATIONS = YES;
				CLANG_WARN_DIRECT_OBJC_ISA_USAGE = YES_ERROR;
				CLANG_WARN_DOCUMENTATION_COMMENTS = YES;
				CLANG_WARN_EMPTY_BODY = YES;
				CLANG_WARN_ENUM_CONVERSION = YES;
				CLANG_WARN_INFINITE_RECURSION = YES;
				CLANG_WARN_INT_CONVERSION = YES;
				CLANG_WARN_NON_LITERAL_NULL_CONVERSION = YES;
				CLANG_WARN_OBJC_IMPLICIT_RETAIN_SELF = YES;
				CLANG_WARN_OBJC_LITERAL_CONVERSION = YES;
				CLANG_WARN_OBJC_ROOT_CLASS = YES_ERROR;
				CLANG_WARN_RANGE_LOOP_ANALYSIS = YES;
				CLANG_WARN_STRICT_PROTOTYPES = YES;
				CLANG_WARN_SUSPICIOUS_MOVE = YES;
				CLANG_WARN_UNGUARDED_AVAILABILITY = YES_AGGRESSIVE;
				CLANG_WARN_UNREACHABLE_CODE = YES;
				CLANG_WARN__DUPLICATE_METHOD_MATCH = YES;
				CODE_SIGN_IDENTITY = "iPhone Developer";
				COPY_PHASE_STRIP = NO;
				DEBUG_INFORMATION_FORMAT = "dwarf-with-dsym";
				ENABLE_NS_ASSERTIONS = NO;
				ENABLE_STRICT_OBJC_MSGSEND = YES;
				GCC_C_LANGUAGE_STANDARD = gnu11;
				GCC_NO_COMMON_BLOCKS = YES;
				GCC_WARN_64_TO_32_BIT_CONVERSION = YES;
				GCC_WARN_ABOUT_RETURN_TYPE = YES_ERROR;
				GCC_WARN_UNDECLARED_SELECTOR = YES;
				GCC_WARN_UNINITIALIZED_AUTOS = YES_AGGRESSIVE;
				GCC_WARN_UNUSED_FUNCTION = YES;
				GCC_WARN_UNUSED_VARIABLE = YES;
				IPHONEOS_DEPLOYMENT_TARGET = 12.2;
				MTL_ENABLE_DEBUG_INFO = NO;
				MTL_FAST_MATH = YES;
				SDKROOT = iphoneos;
				SWIFT_COMPILATION_MODE = wholemodule;
				SWIFT_OPTIMIZATION_LEVEL = "-O";
				VALIDATE_PRODUCT = YES;
			};
			name = Release;
		};
		F5E92FF522E0434000C473B4 /* Debug */ = {
			isa = XCBuildConfiguration;
			buildSettings = {
				ASSETCATALOG_COMPILER_APPICON_NAME = AppIcon;
				CODE_SIGN_STYLE = Automatic;
				DEVELOPMENT_TEAM = 6JSAHZ3JB4;
				INFOPLIST_FILE = "App Challenge/Info.plist";
				LD_RUNPATH_SEARCH_PATHS = (
					"$(inherited)",
					"@executable_path/Frameworks",
				);
				PRODUCT_BUNDLE_IDENTIFIER = "MoneyMe.App-Challenge";
				PRODUCT_NAME = "$(TARGET_NAME)";
				SWIFT_VERSION = 5.0;
				TARGETED_DEVICE_FAMILY = "1,2";
			};
			name = Debug;
		};
		F5E92FF622E0434000C473B4 /* Release */ = {
			isa = XCBuildConfiguration;
			buildSettings = {
				ASSETCATALOG_COMPILER_APPICON_NAME = AppIcon;
				CODE_SIGN_STYLE = Automatic;
				DEVELOPMENT_TEAM = 6JSAHZ3JB4;
				INFOPLIST_FILE = "App Challenge/Info.plist";
				LD_RUNPATH_SEARCH_PATHS = (
					"$(inherited)",
					"@executable_path/Frameworks",
				);
				PRODUCT_BUNDLE_IDENTIFIER = "MoneyMe.App-Challenge";
				PRODUCT_NAME = "$(TARGET_NAME)";
				SWIFT_VERSION = 5.0;
				TARGETED_DEVICE_FAMILY = "1,2";
			};
			name = Release;
		};
/* End XCBuildConfiguration section */

/* Begin XCConfigurationList section */
		F5E92FDD22E0433E00C473B4 /* Build configuration list for PBXProject "App Challenge" */ = {
			isa = XCConfigurationList;
			buildConfigurations = (
				F5E92FF222E0434000C473B4 /* Debug */,
				F5E92FF322E0434000C473B4 /* Release */,
			);
			defaultConfigurationIsVisible = 0;
			defaultConfigurationName = Release;
		};
		F5E92FF422E0434000C473B4 /* Build configuration list for PBXNativeTarget "App Challenge" */ = {
			isa = XCConfigurationList;
			buildConfigurations = (
				F5E92FF522E0434000C473B4 /* Debug */,
				F5E92FF622E0434000C473B4 /* Release */,
			);
			defaultConfigurationIsVisible = 0;
			defaultConfigurationName = Release;
		};
/* End XCConfigurationList section */
	};
	rootObject = F5E92FDA22E0433E00C473B4 /* Project object */;
}
